{
  "0001": "fdbc20f06b02ad957ae747b393c570186df2a9e4d62e1f954ea1e3b8cc435c99",
  "0002": "2319e7b5926cd08e04d4148eb93a795f3aecf8d42b42f1a6aac39189746e89a4",
  "0003": "e0a3cf0612366b86e82762f631e179df0a03c5607437879af08ce11a03d29786",
  "0004": "355639981af42bc695c9996a5721ff67c922e6c28894046f8ae879604a4eab0b",
  "0005": "ecf092e6c47291604d2c4683327037f5d12ba98c7051a9d338d62508dc1bc2d9",
  "0006": "0dba88a5c997be2f4fe92ae8b2e5036c7809b8f2b03694937871808482a492d5",
  "0007": "a7c299c67c60ffc621e8a3a11817d56fc6616e4291436be340f80826cdc036b0",
  "0008": "0faaa73743c734a9417305f9abeafd24cc2781956a3278e773e55eeb1f18e69e",
  "0009": "628010aaf53020ad5d04c733e44dc5db28081e9d7b1d83062947e8747a8d0cb7",
  "0010": "64ec1682b2790c088408c7988da4560cde54bc21025320ecd7c72ed756f81dce",
  "0011": "02036a41aa60cf6a1abb055d5a34f0676b06a6b2e6018dae46886753701e63c4",
  "0012": "59ad138bc8e0026e3d1e6bfde4411a5673e473e3b9253234dd7192f289c0e272",
  "0013": "3eddbe4de40b3af3953bc811e48ac357a7679ca90c4ea54791ed94620bf6edd4",
  "0014": "48de2e648de3e77bd57c9b1cb1c2ba6cdfce68460c1f8825b2560db2315fc867",
  "0015": "ffd3289b92d01604e1d7b535d50aa339b0c78bdf8da6e6f8d7da2c8112bb25fa",
  "0016": "a7a27ce37f5e9697d43dbfd2000b4c23d9161dd3475bce0ddf0dc3adbb3d02cb",
  "0017": "007c2dd2262427b2f0f1c0cd14df25ed4847c71025de6e3af2ee69f0bf8c0b36"
}
